
Microsoft Visual Studio Solution File, Format Version 11.00
# Visual Studio 2010
Project("{8BC9CEB8-8B4A-11D0-8D11-00A0C91BC942}") = "DesignPattern", "DesignPattern\DesignPattern.vcxproj", "{FFA3EC39-D602-467A-B12F-05D83B813555}"
EndProject
Global
	GlobalSection(SolutionConfigurationPlatforms) = preSolution
		Debug|Win32 = Debug|Win32
		Release|Win32 = Release|Win32
	EndGlobalSection
	GlobalSection(ProjectConfigurationPlatforms) = postSolution
		{FFA3EC39-D602-467A-B12F-05D83B813555}.Debug|Win32.ActiveCfg = Debug|Win32
		{FFA3EC39-D602-467A-B12F-05D83B813555}.Debug|Win32.Build.0 = Debug|Win32
		{FFA3EC39-D602-467A-B12F-05D83B813555}.Release|Win32.ActiveCfg = Release|Win32
		{FFA3EC39-D602-467A-B12F-05D83B813555}.Release|Win32.Build.0 = Release|Win32
	EndGlobalSection
	GlobalSection(SolutionProperties) = preSolution
		HideSolutionNode = FALSE
	EndGlobalSection
EndGlobal
