<?xml version="1.0" encoding="utf-8"?>
<Project ToolsVersion="4.0" xmlns="http://schemas.microsoft.com/developer/msbuild/2003">
  <ItemGroup>
    <Filter Include="Source Files">
      <UniqueIdentifier>{4FC737F1-C7A5-4376-A066-2A32D752A2FF}</UniqueIdentifier>
      <Extensions>cpp;c;cc;cxx;def;odl;idl;hpj;bat;asm;asmx</Extensions>
    </Filter>
    <Filter Include="Header Files">
      <UniqueIdentifier>{93995380-89BD-4b04-88EB-625FBE52EBFB}</UniqueIdentifier>
      <Extensions>h;hpp;hxx;hm;inl;inc;xsd</Extensions>
    </Filter>
    <Filter Include="Resource Files">
      <UniqueIdentifier>{67DA6AB6-F800-4c08-8B7A-83BB121AAD01}</UniqueIdentifier>
      <Extensions>rc;ico;cur;bmp;dlg;rc2;rct;bin;rgs;gif;jpg;jpeg;jpe;resx;tiff;tif;png;wav;mfcribbon-ms</Extensions>
    </Filter>
    <Filter Include="01Factory">
      <UniqueIdentifier>{4accf328-7ea1-4223-a456-dfae079d7364}</UniqueIdentifier>
    </Filter>
    <Filter Include="03Singleton">
      <UniqueIdentifier>{c67b1b61-2de7-468a-ab7c-3e0a7652cd38}</UniqueIdentifier>
    </Filter>
    <Filter Include="02AbstractFactory">
      <UniqueIdentifier>{9c678b55-25c3-4053-b7d6-53426a187950}</UniqueIdentifier>
    </Filter>
  </ItemGroup>
  <ItemGroup>
    <None Include="ReadMe.txt" />
  </ItemGroup>
  <ItemGroup>
    <ClInclude Include="stdafx.h">
      <Filter>Header Files</Filter>
    </ClInclude>
    <ClInclude Include="targetver.h">
      <Filter>Header Files</Filter>
    </ClInclude>
    <ClInclude Include="Factory.h">
      <Filter>01Factory</Filter>
    </ClInclude>
    <ClInclude Include="Product.h">
      <Filter>01Factory</Filter>
    </ClInclude>
    <ClInclude Include="Singleton.h">
      <Filter>03Singleton</Filter>
    </ClInclude>
    <ClInclude Include="AbsProduct.h">
      <Filter>02AbstractFactory</Filter>
    </ClInclude>
    <ClInclude Include="AbsFactory.h">
      <Filter>02AbstractFactory</Filter>
    </ClInclude>
  </ItemGroup>
  <ItemGroup>
    <ClCompile Include="stdafx.cpp">
      <Filter>Source Files</Filter>
    </ClCompile>
    <ClCompile Include="DesignPattern.cpp">
      <Filter>Source Files</Filter>
    </ClCompile>
    <ClCompile Include="Factory.cpp">
      <Filter>01Factory</Filter>
    </ClCompile>
    <ClCompile Include="Product.cpp">
      <Filter>01Factory</Filter>
    </ClCompile>
    <ClCompile Include="Singleton.cpp">
      <Filter>03Singleton</Filter>
    </ClCompile>
    <ClCompile Include="AbsProduct.cpp">
      <Filter>02AbstractFactory</Filter>
    </ClCompile>
    <ClCompile Include="AbsFactory.cpp">
      <Filter>02AbstractFactory</Filter>
    </ClCompile>
  </ItemGroup>
</Project>