<?xml version="1.0" encoding="utf-8"?>
<Project ToolsVersion="4.0" xmlns="http://schemas.microsoft.com/developer/msbuild/2003">
  <ItemGroup>
    <Filter Include="Source Files">
      <UniqueIdentifier>{4FC737F1-C7A5-4376-A066-2A32D752A2FF}</UniqueIdentifier>
      <Extensions>cpp;c;cc;cxx;def;odl;idl;hpj;bat;asm;asmx</Extensions>
    </Filter>
    <Filter Include="Header Files">
      <UniqueIdentifier>{93995380-89BD-4b04-88EB-625FBE52EBFB}</UniqueIdentifier>
      <Extensions>h;hpp;hxx;hm;inl;inc;xsd</Extensions>
    </Filter>
    <Filter Include="Resource Files">
      <UniqueIdentifier>{67DA6AB6-F800-4c08-8B7A-83BB121AAD01}</UniqueIdentifier>
      <Extensions>rc;ico;cur;bmp;dlg;rc2;rct;bin;rgs;gif;jpg;jpeg;jpe;resx;tiff;tif;png;wav;mfcribbon-ms</Extensions>
    </Filter>
    <Filter Include="01Factory">
      <UniqueIdentifier>{4accf328-7ea1-4223-a456-dfae079d7364}</UniqueIdentifier>
    </Filter>
    <Filter Include="03Singleton">
      <UniqueIdentifier>{c67b1b61-2de7-468a-ab7c-3e0a7652cd38}</UniqueIdentifier>
    </Filter>
    <Filter Include="02AbstractFactory">
      <UniqueIdentifier>{9c678b55-25c3-4053-b7d6-53426a187950}</UniqueIdentifier>
    </Filter>
    <Filter Include="04Builder">
      <UniqueIdentifier>{b68b9b1e-a25e-4de5-a311-d563223f9179}</UniqueIdentifier>
    </Filter>
    <Filter Include="05Prototype">
      <UniqueIdentifier>{4a1db7ed-d39e-453f-82a1-d6203bb417e1}</UniqueIdentifier>
    </Filter>
    <Filter Include="06Bridge">
      <UniqueIdentifier>{da99ec14-f1cc-4b04-80db-83b55e1cb4f1}</UniqueIdentifier>
    </Filter>
    <Filter Include="07Adapter">
      <UniqueIdentifier>{2052f741-7664-429e-bf22-dffd5b60b124}</UniqueIdentifier>
    </Filter>
    <Filter Include="08Decorator">
      <UniqueIdentifier>{5abca64d-7886-4c68-9faf-8a0df67331d5}</UniqueIdentifier>
    </Filter>
    <Filter Include="09Composite">
      <UniqueIdentifier>{997db42e-5945-4b03-8d91-52c69a80eb48}</UniqueIdentifier>
    </Filter>
    <Filter Include="10FlyWeight">
      <UniqueIdentifier>{173cd257-100a-4cfb-882d-c2ea8a585430}</UniqueIdentifier>
    </Filter>
    <Filter Include="11Facade">
      <UniqueIdentifier>{d5c1aee6-2cd0-4f75-9510-2c7844b7cdbc}</UniqueIdentifier>
    </Filter>
    <Filter Include="12Proxy">
      <UniqueIdentifier>{e80ff03f-8e5e-4a33-9e17-32ce4a7e1c0b}</UniqueIdentifier>
    </Filter>
    <Filter Include="13Template">
      <UniqueIdentifier>{f52775bd-c9a1-4bec-804d-915c55b885aa}</UniqueIdentifier>
    </Filter>
    <Filter Include="14Strategy">
      <UniqueIdentifier>{65295afd-0520-4199-9ffd-bd3492f4a1c0}</UniqueIdentifier>
    </Filter>
    <Filter Include="15State">
      <UniqueIdentifier>{2f87c09c-9d00-46ca-b328-43881a30a11b}</UniqueIdentifier>
    </Filter>
    <Filter Include="16Observer">
      <UniqueIdentifier>{2dca3d50-c355-4aa4-9608-c2a3d8cfb591}</UniqueIdentifier>
    </Filter>
    <Filter Include="17Memento">
      <UniqueIdentifier>{5fe9bc61-02c9-42eb-8630-0c3efb2ad8f3}</UniqueIdentifier>
    </Filter>
    <Filter Include="18Mediator">
      <UniqueIdentifier>{9ad5b734-7b91-4c29-bc62-8f38b9ab550f}</UniqueIdentifier>
    </Filter>
    <Filter Include="19Command">
      <UniqueIdentifier>{bf280238-3dfd-4bb9-b486-47cf60417784}</UniqueIdentifier>
    </Filter>
    <Filter Include="20Vistor">
      <UniqueIdentifier>{75a8c5a7-38f4-460c-9f01-54cb19a76832}</UniqueIdentifier>
    </Filter>
    <Filter Include="21Chain Of Resopnsibility">
      <UniqueIdentifier>{54f39b15-edd7-4920-b975-bc6566601072}</UniqueIdentifier>
    </Filter>
    <Filter Include="22Iterator">
      <UniqueIdentifier>{f1e83cfc-9996-44e1-bbe3-7b3e131cde4d}</UniqueIdentifier>
    </Filter>
  </ItemGroup>
  <ItemGroup>
    <None Include="ReadMe.txt" />
  </ItemGroup>
  <ItemGroup>
    <ClInclude Include="stdafx.h">
      <Filter>Header Files</Filter>
    </ClInclude>
    <ClInclude Include="targetver.h">
      <Filter>Header Files</Filter>
    </ClInclude>
    <ClInclude Include="Factory.h">
      <Filter>01Factory</Filter>
    </ClInclude>
    <ClInclude Include="Product.h">
      <Filter>01Factory</Filter>
    </ClInclude>
    <ClInclude Include="Singleton.h">
      <Filter>03Singleton</Filter>
    </ClInclude>
    <ClInclude Include="AbsProduct.h">
      <Filter>02AbstractFactory</Filter>
    </ClInclude>
    <ClInclude Include="AbsFactory.h">
      <Filter>02AbstractFactory</Filter>
    </ClInclude>
    <ClInclude Include="BuilderProduct.h">
      <Filter>04Builder</Filter>
    </ClInclude>
    <ClInclude Include="Builder.h">
      <Filter>04Builder</Filter>
    </ClInclude>
    <ClInclude Include="Director.h">
      <Filter>04Builder</Filter>
    </ClInclude>
    <ClInclude Include="Prototype.h">
      <Filter>05Prototype</Filter>
    </ClInclude>
    <ClInclude Include="Bridge.h">
      <Filter>06Bridge</Filter>
    </ClInclude>
    <ClInclude Include="Adapter.h">
      <Filter>07Adapter</Filter>
    </ClInclude>
    <ClInclude Include="Decorator.h">
      <Filter>08Decorator</Filter>
    </ClInclude>
    <ClInclude Include="Composite.h">
      <Filter>09Composite</Filter>
    </ClInclude>
    <ClInclude Include="Flyweight.h">
      <Filter>10FlyWeight</Filter>
    </ClInclude>
    <ClInclude Include="Facade.h">
      <Filter>11Facade</Filter>
    </ClInclude>
    <ClInclude Include="Proxy.h">
      <Filter>12Proxy</Filter>
    </ClInclude>
    <ClInclude Include="Template.h">
      <Filter>13Template</Filter>
    </ClInclude>
    <ClInclude Include="Strategy.h">
      <Filter>14Strategy</Filter>
    </ClInclude>
    <ClInclude Include="State.h">
      <Filter>15State</Filter>
    </ClInclude>
    <ClInclude Include="Oberver.h">
      <Filter>16Observer</Filter>
    </ClInclude>
    <ClInclude Include="Memento.h">
      <Filter>17Memento</Filter>
    </ClInclude>
    <ClInclude Include="Mediator.h">
      <Filter>18Mediator</Filter>
    </ClInclude>
    <ClInclude Include="Command.h">
      <Filter>19Command</Filter>
    </ClInclude>
    <ClInclude Include="Vistor.h">
      <Filter>20Vistor</Filter>
    </ClInclude>
    <ClInclude Include="Handle.h">
      <Filter>21Chain Of Resopnsibility</Filter>
    </ClInclude>
    <ClInclude Include="Iterator.h">
      <Filter>22Iterator</Filter>
    </ClInclude>
  </ItemGroup>
  <ItemGroup>
    <ClCompile Include="stdafx.cpp">
      <Filter>Source Files</Filter>
    </ClCompile>
    <ClCompile Include="DesignPattern.cpp">
      <Filter>Source Files</Filter>
    </ClCompile>
    <ClCompile Include="Factory.cpp">
      <Filter>01Factory</Filter>
    </ClCompile>
    <ClCompile Include="Product.cpp">
      <Filter>01Factory</Filter>
    </ClCompile>
    <ClCompile Include="Singleton.cpp">
      <Filter>03Singleton</Filter>
    </ClCompile>
    <ClCompile Include="AbsProduct.cpp">
      <Filter>02AbstractFactory</Filter>
    </ClCompile>
    <ClCompile Include="AbsFactory.cpp">
      <Filter>02AbstractFactory</Filter>
    </ClCompile>
    <ClCompile Include="BuilderProduct.cpp">
      <Filter>04Builder</Filter>
    </ClCompile>
    <ClCompile Include="Builder.cpp">
      <Filter>04Builder</Filter>
    </ClCompile>
    <ClCompile Include="Director.cpp">
      <Filter>04Builder</Filter>
    </ClCompile>
    <ClCompile Include="Prototype.cpp">
      <Filter>05Prototype</Filter>
    </ClCompile>
    <ClCompile Include="Bridge.cpp">
      <Filter>06Bridge</Filter>
    </ClCompile>
    <ClCompile Include="Adapter.cpp">
      <Filter>07Adapter</Filter>
    </ClCompile>
    <ClCompile Include="Decorator.cpp">
      <Filter>08Decorator</Filter>
    </ClCompile>
    <ClCompile Include="Composite.cpp">
      <Filter>09Composite</Filter>
    </ClCompile>
    <ClCompile Include="Flyweight.cpp">
      <Filter>10FlyWeight</Filter>
    </ClCompile>
    <ClCompile Include="Facade.cpp">
      <Filter>11Facade</Filter>
    </ClCompile>
    <ClCompile Include="Proxy.cpp">
      <Filter>12Proxy</Filter>
    </ClCompile>
    <ClCompile Include="Template.cpp">
      <Filter>13Template</Filter>
    </ClCompile>
    <ClCompile Include="Strategy.cpp">
      <Filter>14Strategy</Filter>
    </ClCompile>
    <ClCompile Include="State.cpp">
      <Filter>15State</Filter>
    </ClCompile>
    <ClCompile Include="Oberver.cpp">
      <Filter>16Observer</Filter>
    </ClCompile>
    <ClCompile Include="Memento.cpp">
      <Filter>17Memento</Filter>
    </ClCompile>
    <ClCompile Include="Mediator.cpp">
      <Filter>18Mediator</Filter>
    </ClCompile>
    <ClCompile Include="Command.cpp">
      <Filter>19Command</Filter>
    </ClCompile>
    <ClCompile Include="Vistor.cpp">
      <Filter>20Vistor</Filter>
    </ClCompile>
    <ClCompile Include="Handle.cpp">
      <Filter>21Chain Of Resopnsibility</Filter>
    </ClCompile>
    <ClCompile Include="Iterator.cpp">
      <Filter>22Iterator</Filter>
    </ClCompile>
  </ItemGroup>
</Project>